
Microsoft Visual Studio Solution File, Format Version 12.00
# Visual Studio 2013
VisualStudioVersion = 12.0.21005.1
MinimumVisualStudioVersion = 10.0.40219.1
Project("{FAE04EC0-301F-11D3-BF4B-00C04F79EFBC}") = "Lec9LINQselectAndWhere", "Lec9LINQselectAndWhere\Lec9LINQselectAndWhere.csproj", "{5F89683A-4112-49BA-89D4-0204DBC16D40}"
EndProject
Global
	GlobalSection(SolutionConfigurationPlatforms) = preSolution
		Debug|Any CPU = Debug|Any CPU
		Release|Any CPU = Release|Any CPU
	EndGlobalSection
	GlobalSection(ProjectConfigurationPlatforms) = postSolution
		{5F89683A-4112-49BA-89D4-0204DBC16D40}.Debug|Any CPU.ActiveCfg = Debug|Any CPU
		{5F89683A-4112-49BA-89D4-0204DBC16D40}.Debug|Any CPU.Build.0 = Debug|Any CPU
		{5F89683A-4112-49BA-89D4-0204DBC16D40}.Release|Any CPU.ActiveCfg = Release|Any CPU
		{5F89683A-4112-49BA-89D4-0204DBC16D40}.Release|Any CPU.Build.0 = Release|Any CPU
	EndGlobalSection
	GlobalSection(SolutionProperties) = preSolution
		HideSolutionNode = FALSE
	EndGlobalSection
EndGlobal
